github.com/1asagne/scheduleparser v0.0.0-20220323195914-02af2b0a071c h1:jjCb/QIQ0OsSBgTkAwB5mdf+8Cq+d9mMve4ZDUmhyZg=
github.com/1asagne/scheduleparser v0.0.0-20220323195914-02af2b0a071c/go.mod h1:w0yYuJuEyETs4Jgoa3SBSJtBYVu/epH4uV7whvFkyds=
github.com/joho/godotenv v1.4.0 h1:3l4+N6zfMWnkbPEXKng2o2/MR5mSwTrBih4ZEkkz1lg=
github.com/joho/godotenv v1.4.0/go.mod h1:f4LDr5Voq0i2e/R5DDNOoa2zzDfwtkZa6DnEwAbqwq4=
github.com/ledongthuc/pdf v0.0.0-20220302134840-0c2507a12d80 h1:6Yzfa6GP0rIo/kULo2bwGEkFvCePZ3qHDDTC3/J9Swo=
github.com/ledongthuc/pdf v0.0.0-20220302134840-0c2507a12d80/go.mod h1:imJHygn/1yfhB7XSJJKlFZKl/J+dCPAknuiaGOshXAs=
